// !$*UTF8*$!
{
	archiveVersion = 1;
	classes = {
	};
	objectVersion = 50;
	objects = {

/* Begin PBXBuildFile section */
		D6DE9E30A6F773C3FA88BC7E /* Pods_IOTFIT.framework in Frameworks */ = {isa = PBXBuildFile; fileRef = 4A76CF69AD96C57DD9F8EDF3 /* Pods_IOTFIT.framework */; };
		F0661F7721C91E1F007F2FBA /* WorkoutMapViewController.swift in Sources */ = {isa = PBXBuildFile; fileRef = F0661F7621C91E1F007F2FBA /* WorkoutMapViewController.swift */; };
		F0DCCAB221C8FA6800905BF7 /* AppDelegate.swift in Sources */ = {isa = PBXBuildFile; fileRef = F0DCCAB121C8FA6800905BF7 /* AppDelegate.swift */; };
		F0DCCAB421C8FA6800905BF7 /* CreateWorkoutViewController.swift in Sources */ = {isa = PBXBuildFile; fileRef = F0DCCAB321C8FA6800905BF7 /* CreateWorkoutViewController.swift */; };
		F0DCCAB921C8FA6900905BF7 /* Assets.xcassets in Resources */ = {isa = PBXBuildFile; fileRef = F0DCCAB821C8FA6900905BF7 /* Assets.xcassets */; };
		F0DCCABC21C8FA6900905BF7 /* LaunchScreen.storyboard in Resources */ = {isa = PBXBuildFile; fileRef = F0DCCABA21C8FA6900905BF7 /* LaunchScreen.storyboard */; };
/* End PBXBuildFile section */

/* Begin PBXFileReference section */
		4A76CF69AD96C57DD9F8EDF3 /* Pods_IOTFIT.framework */ = {isa = PBXFileReference; explicitFileType = wrapper.framework; includeInIndex = 0; path = Pods_IOTFIT.framework; sourceTree = BUILT_PRODUCTS_DIR; };
		8548FEA1D8341C2EB0A8E11A /* Pods-IOTFIT.debug.xcconfig */ = {isa = PBXFileReference; includeInIndex = 1; lastKnownFileType = text.xcconfig; name = "Pods-IOTFIT.debug.xcconfig"; path = "Pods/Target Support Files/Pods-IOTFIT/Pods-IOTFIT.debug.xcconfig"; sourceTree = "<group>"; };
		ACA96C060135AB8C00500EA0 /* Pods-IOTFIT.release.xcconfig */ = {isa = PBXFileReference; includeInIndex = 1; lastKnownFileType = text.xcconfig; name = "Pods-IOTFIT.release.xcconfig"; path = "Pods/Target Support Files/Pods-IOTFIT/Pods-IOTFIT.release.xcconfig"; sourceTree = "<group>"; };
		F0661F7621C91E1F007F2FBA /* WorkoutMapViewController.swift */ = {isa = PBXFileReference; lastKnownFileType = sourcecode.swift; path = WorkoutMapViewController.swift; sourceTree = "<group>"; };
		F0DCCAAE21C8FA6800905BF7 /* IOTFIT.app */ = {isa = PBXFileReference; explicitFileType = wrapper.application; includeInIndex = 0; path = IOTFIT.app; sourceTree = BUILT_PRODUCTS_DIR; };
		F0DCCAB121C8FA6800905BF7 /* AppDelegate.swift */ = {isa = PBXFileReference; lastKnownFileType = sourcecode.swift; path = AppDelegate.swift; sourceTree = "<group>"; };
		F0DCCAB321C8FA6800905BF7 /* CreateWorkoutViewController.swift */ = {isa = PBXFileReference; lastKnownFileType = sourcecode.swift; path = CreateWorkoutViewController.swift; sourceTree = "<group>"; };
		F0DCCAB821C8FA6900905BF7 /* Assets.xcassets */ = {isa = PBXFileReference; lastKnownFileType = folder.assetcatalog; path = Assets.xcassets; sourceTree = "<group>"; };
		F0DCCABB21C8FA6900905BF7 /* Base */ = {isa = PBXFileReference; lastKnownFileType = file.storyboard; name = Base; path = Base.lproj/LaunchScreen.storyboard; sourceTree = "<group>"; };
		F0DCCABD21C8FA6900905BF7 /* Info.plist */ = {isa = PBXFileReference; lastKnownFileType = text.plist.xml; path = Info.plist; sourceTree = "<group>"; };
/* End PBXFileReference section */

/* Begin PBXFrameworksBuildPhase section */
		F0DCCAAB21C8FA6800905BF7 /* Frameworks */ = {
			isa = PBXFrameworksBuildPhase;
			buildActionMask = 2147483647;
			files = (
				D6DE9E30A6F773C3FA88BC7E /* Pods_IOTFIT.framework in Frameworks */,
			);
			runOnlyForDeploymentPostprocessing = 0;
		};
/* End PBXFrameworksBuildPhase section */

/* Begin PBXGroup section */
		04E2032AA400A4FFC799307F /* Frameworks */ = {
			isa = PBXGroup;
			children = (
				4A76CF69AD96C57DD9F8EDF3 /* Pods_IOTFIT.framework */,
			);
			name = Frameworks;
			sourceTree = "<group>";
		};
		A683B820126D02B42091680D /* Pods */ = {
			isa = PBXGroup;
			children = (
				8548FEA1D8341C2EB0A8E11A /* Pods-IOTFIT.debug.xcconfig */,
				ACA96C060135AB8C00500EA0 /* Pods-IOTFIT.release.xcconfig */,
			);
			name = Pods;
			sourceTree = "<group>";
		};
		F0661F7521C90196007F2FBA /* Resources */ = {
			isa = PBXGroup;
			children = (
				F0DCCAB121C8FA6800905BF7 /* AppDelegate.swift */,
				F0DCCAB821C8FA6900905BF7 /* Assets.xcassets */,
				F0DCCABA21C8FA6900905BF7 /* LaunchScreen.storyboard */,
				F0DCCABD21C8FA6900905BF7 /* Info.plist */,
			);
			path = Resources;
			sourceTree = "<group>";
		};
		F0661F7821C91F69007F2FBA /* ViewControllers */ = {
			isa = PBXGroup;
			children = (
				F0DCCAB321C8FA6800905BF7 /* CreateWorkoutViewController.swift */,
				F0661F7621C91E1F007F2FBA /* WorkoutMapViewController.swift */,
			);
			path = ViewControllers;
			sourceTree = "<group>";
		};
		F0DCCAA521C8FA6800905BF7 = {
			isa = PBXGroup;
			children = (
				F0DCCAB021C8FA6800905BF7 /* IOTFIT */,
				F0DCCAAF21C8FA6800905BF7 /* Products */,
				A683B820126D02B42091680D /* Pods */,
				04E2032AA400A4FFC799307F /* Frameworks */,
			);
			sourceTree = "<group>";
		};
		F0DCCAAF21C8FA6800905BF7 /* Products */ = {
			isa = PBXGroup;
			children = (
				F0DCCAAE21C8FA6800905BF7 /* IOTFIT.app */,
			);
			name = Products;
			sourceTree = "<group>";
		};
		F0DCCAB021C8FA6800905BF7 /* IOTFIT */ = {
			isa = PBXGroup;
			children = (
				F0661F7821C91F69007F2FBA /* ViewControllers */,
				F0661F7521C90196007F2FBA /* Resources */,
			);
			path = IOTFIT;
			sourceTree = "<group>";
		};
/* End PBXGroup section */

/* Begin PBXNativeTarget section */
		F0DCCAAD21C8FA6800905BF7 /* IOTFIT */ = {
			isa = PBXNativeTarget;
			buildConfigurationList = F0DCCAC021C8FA6900905BF7 /* Build configuration list for PBXNativeTarget "IOTFIT" */;
			buildPhases = (
				570A309A5198666278053AB5 /* [CP] Check Pods Manifest.lock */,
				F0DCCAAA21C8FA6800905BF7 /* Sources */,
				F0DCCAAB21C8FA6800905BF7 /* Frameworks */,
				F0DCCAAC21C8FA6800905BF7 /* Resources */,
				87D5D2E352EF6CDA48777154 /* [CP] Embed Pods Frameworks */,
			);
			buildRules = (
			);
			dependencies = (
			);
			name = IOTFIT;
			productName = IOTFIT;
			productReference = F0DCCAAE21C8FA6800905BF7 /* IOTFIT.app */;
			productType = "com.apple.product-type.application";
		};
/* End PBXNativeTarget section */

/* Begin PBXProject section */
		F0DCCAA621C8FA6800905BF7 /* Project object */ = {
			isa = PBXProject;
			attributes = {
				LastSwiftUpdateCheck = 1010;
				LastUpgradeCheck = 1010;
				ORGANIZATIONNAME = "Krystian Bujak";
				TargetAttributes = {
					F0DCCAAD21C8FA6800905BF7 = {
						CreatedOnToolsVersion = 10.1;
						SystemCapabilities = {
							com.apple.BackgroundModes = {
								enabled = 1;
							};
						};
					};
				};
			};
			buildConfigurationList = F0DCCAA921C8FA6800905BF7 /* Build configuration list for PBXProject "IOTFIT" */;
			compatibilityVersion = "Xcode 9.3";
			developmentRegion = en;
			hasScannedForEncodings = 0;
			knownRegions = (
				en,
				Base,
			);
			mainGroup = F0DCCAA521C8FA6800905BF7;
			productRefGroup = F0DCCAAF21C8FA6800905BF7 /* Products */;
			projectDirPath = "";
			projectRoot = "";
			targets = (
				F0DCCAAD21C8FA6800905BF7 /* IOTFIT */,
			);
		};
/* End PBXProject section */

/* Begin PBXResourcesBuildPhase section */
		F0DCCAAC21C8FA6800905BF7 /* Resources */ = {
			isa = PBXResourcesBuildPhase;
			buildActionMask = 2147483647;
			files = (
				F0DCCABC21C8FA6900905BF7 /* LaunchScreen.storyboard in Resources */,
				F0DCCAB921C8FA6900905BF7 /* Assets.xcassets in Resources */,
			);
			runOnlyForDeploymentPostprocessing = 0;
		};
/* End PBXResourcesBuildPhase section */

/* Begin PBXShellScriptBuildPhase section */
		570A309A5198666278053AB5 /* [CP] Check Pods Manifest.lock */ = {
			isa = PBXShellScriptBuildPhase;
			buildActionMask = 2147483647;
			files = (
			);
			inputPaths = (
				"${PODS_PODFILE_DIR_PATH}/Podfile.lock",
				"${PODS_ROOT}/Manifest.lock",
			);
			name = "[CP] Check Pods Manifest.lock";
			outputPaths = (
				"$(DERIVED_FILE_DIR)/Pods-IOTFIT-checkManifestLockResult.txt",
			);
			runOnlyForDeploymentPostprocessing = 0;
			shellPath = /bin/sh;
			shellScript = "diff \"${PODS_PODFILE_DIR_PATH}/Podfile.lock\" \"${PODS_ROOT}/Manifest.lock\" > /dev/null\nif [ $? != 0 ] ; then\n    # print error to STDERR\n    echo \"error: The sandbox is not in sync with the Podfile.lock. Run 'pod install' or update your CocoaPods installation.\" >&2\n    exit 1\nfi\n# This output is used by Xcode 'outputs' to avoid re-running this script phase.\necho \"SUCCESS\" > \"${SCRIPT_OUTPUT_FILE_0}\"\n";
			showEnvVarsInLog = 0;
		};
		87D5D2E352EF6CDA48777154 /* [CP] Embed Pods Frameworks */ = {
			isa = PBXShellScriptBuildPhase;
			buildActionMask = 2147483647;
			files = (
			);
			inputPaths = (
				"${SRCROOT}/Pods/Target Support Files/Pods-IOTFIT/Pods-IOTFIT-frameworks.sh",
				"${BUILT_PRODUCTS_DIR}/PureLayout/PureLayout.framework",
			);
			name = "[CP] Embed Pods Frameworks";
			outputPaths = (
				"${TARGET_BUILD_DIR}/${FRAMEWORKS_FOLDER_PATH}/PureLayout.framework",
			);
			runOnlyForDeploymentPostprocessing = 0;
			shellPath = /bin/sh;
			shellScript = "\"${SRCROOT}/Pods/Target Support Files/Pods-IOTFIT/Pods-IOTFIT-frameworks.sh\"\n";
			showEnvVarsInLog = 0;
		};
/* End PBXShellScriptBuildPhase section */

/* Begin PBXSourcesBuildPhase section */
		F0DCCAAA21C8FA6800905BF7 /* Sources */ = {
			isa = PBXSourcesBuildPhase;
			buildActionMask = 2147483647;
			files = (
				F0DCCAB421C8FA6800905BF7 /* CreateWorkoutViewController.swift in Sources */,
				F0DCCAB221C8FA6800905BF7 /* AppDelegate.swift in Sources */,
				F0661F7721C91E1F007F2FBA /* WorkoutMapViewController.swift in Sources */,
			);
			runOnlyForDeploymentPostprocessing = 0;
		};
/* End PBXSourcesBuildPhase section */

/* Begin PBXVariantGroup section */
		F0DCCABA21C8FA6900905BF7 /* LaunchScreen.storyboard */ = {
			isa = PBXVariantGroup;
			children = (
				F0DCCABB21C8FA6900905BF7 /* Base */,
			);
			name = LaunchScreen.storyboard;
			sourceTree = "<group>";
		};
/* End PBXVariantGroup section */

/* Begin XCBuildConfiguration section */
		F0DCCABE21C8FA6900905BF7 /* Debug */ = {
			isa = XCBuildConfiguration;
			buildSettings = {
				ALWAYS_SEARCH_USER_PATHS = NO;
				CLANG_ANALYZER_NONNULL = YES;
				CLANG_ANALYZER_NUMBER_OBJECT_CONVERSION = YES_AGGRESSIVE;
				CLANG_CXX_LANGUAGE_STANDARD = "gnu++14";
				CLANG_CXX_LIBRARY = "libc++";
				CLANG_ENABLE_MODULES = YES;
				CLANG_ENABLE_OBJC_ARC = YES;
				CLANG_ENABLE_OBJC_WEAK = YES;
				CLANG_WARN_BLOCK_CAPTURE_AUTORELEASING = YES;
				CLANG_WARN_BOOL_CONVERSION = YES;
				CLANG_WARN_COMMA = YES;
				CLANG_WARN_CONSTANT_CONVERSION = YES;
				CLANG_WARN_DEPRECATED_OBJC_IMPLEMENTATIONS = YES;
				CLANG_WARN_DIRECT_OBJC_ISA_USAGE = YES_ERROR;
				CLANG_WARN_DOCUMENTATION_COMMENTS = YES;
				CLANG_WARN_EMPTY_BODY = YES;
				CLANG_WARN_ENUM_CONVERSION = YES;
				CLANG_WARN_INFINITE_RECURSION = YES;
				CLANG_WARN_INT_CONVERSION = YES;
				CLANG_WARN_NON_LITERAL_NULL_CONVERSION = YES;
				CLANG_WARN_OBJC_IMPLICIT_RETAIN_SELF = YES;
				CLANG_WARN_OBJC_LITERAL_CONVERSION = YES;
				CLANG_WARN_OBJC_ROOT_CLASS = YES_ERROR;
				CLANG_WARN_RANGE_LOOP_ANALYSIS = YES;
				CLANG_WARN_STRICT_PROTOTYPES = YES;
				CLANG_WARN_SUSPICIOUS_MOVE = YES;
				CLANG_WARN_UNGUARDED_AVAILABILITY = YES_AGGRESSIVE;
				CLANG_WARN_UNREACHABLE_CODE = YES;
				CLANG_WARN__DUPLICATE_METHOD_MATCH = YES;
				CODE_SIGN_IDENTITY = "iPhone Developer";
				COPY_PHASE_STRIP = NO;
				DEBUG_INFORMATION_FORMAT = dwarf;
				ENABLE_STRICT_OBJC_MSGSEND = YES;
				ENABLE_TESTABILITY = YES;
				GCC_C_LANGUAGE_STANDARD = gnu11;
				GCC_DYNAMIC_NO_PIC = NO;
				GCC_NO_COMMON_BLOCKS = YES;
				GCC_OPTIMIZATION_LEVEL = 0;
				GCC_PREPROCESSOR_DEFINITIONS = (
					"DEBUG=1",
					"$(inherited)",
				);
				GCC_WARN_64_TO_32_BIT_CONVERSION = YES;
				GCC_WARN_ABOUT_RETURN_TYPE = YES_ERROR;
				GCC_WARN_UNDECLARED_SELECTOR = YES;
				GCC_WARN_UNINITIALIZED_AUTOS = YES_AGGRESSIVE;
				GCC_WARN_UNUSED_FUNCTION = YES;
				GCC_WARN_UNUSED_VARIABLE = YES;
				IPHONEOS_DEPLOYMENT_TARGET = 12.1;
				MTL_ENABLE_DEBUG_INFO = INCLUDE_SOURCE;
				MTL_FAST_MATH = YES;
				ONLY_ACTIVE_ARCH = YES;
				SDKROOT = iphoneos;
				SWIFT_ACTIVE_COMPILATION_CONDITIONS = DEBUG;
				SWIFT_OPTIMIZATION_LEVEL = "-Onone";
			};
			name = Debug;
		};
		F0DCCABF21C8FA6900905BF7 /* Release */ = {
			isa = XCBuildConfiguration;
			buildSettings = {
				ALWAYS_SEARCH_USER_PATHS = NO;
				CLANG_ANALYZER_NONNULL = YES;
				CLANG_ANALYZER_NUMBER_OBJECT_CONVERSION = YES_AGGRESSIVE;
				CLANG_CXX_LANGUAGE_STANDARD = "gnu++14";
				CLANG_CXX_LIBRARY = "libc++";
				CLANG_ENABLE_MODULES = YES;
				CLANG_ENABLE_OBJC_ARC = YES;
				CLANG_ENABLE_OBJC_WEAK = YES;
				CLANG_WARN_BLOCK_CAPTURE_AUTORELEASING = YES;
				CLANG_WARN_BOOL_CONVERSION = YES;
				CLANG_WARN_COMMA = YES;
				CLANG_WARN_CONSTANT_CONVERSION = YES;
				CLANG_WARN_DEPRECATED_OBJC_IMPLEMENTATIONS = YES;
				CLANG_WARN_DIRECT_OBJC_ISA_USAGE = YES_ERROR;
				CLANG_WARN_DOCUMENTATION_COMMENTS = YES;
				CLANG_WARN_EMPTY_BODY = YES;
				CLANG_WARN_ENUM_CONVERSION = YES;
				CLANG_WARN_INFINITE_RECURSION = YES;
				CLANG_WARN_INT_CONVERSION = YES;
				CLANG_WARN_NON_LITERAL_NULL_CONVERSION = YES;
				CLANG_WARN_OBJC_IMPLICIT_RETAIN_SELF = YES;
				CLANG_WARN_OBJC_LITERAL_CONVERSION = YES;
				CLANG_WARN_OBJC_ROOT_CLASS = YES_ERROR;
				CLANG_WARN_RANGE_LOOP_ANALYSIS = YES;
				CLANG_WARN_STRICT_PROTOTYPES = YES;
				CLANG_WARN_SUSPICIOUS_MOVE = YES;
				CLANG_WARN_UNGUARDED_AVAILABILITY = YES_AGGRESSIVE;
				CLANG_WARN_UNREACHABLE_CODE = YES;
				CLANG_WARN__DUPLICATE_METHOD_MATCH = YES;
				CODE_SIGN_IDENTITY = "iPhone Developer";
				COPY_PHASE_STRIP = NO;
				DEBUG_INFORMATION_FORMAT = "dwarf-with-dsym";
				ENABLE_NS_ASSERTIONS = NO;
				ENABLE_STRICT_OBJC_MSGSEND = YES;
				GCC_C_LANGUAGE_STANDARD = gnu11;
				GCC_NO_COMMON_BLOCKS = YES;
				GCC_WARN_64_TO_32_BIT_CONVERSION = YES;
				GCC_WARN_ABOUT_RETURN_TYPE = YES_ERROR;
				GCC_WARN_UNDECLARED_SELECTOR = YES;
				GCC_WARN_UNINITIALIZED_AUTOS = YES_AGGRESSIVE;
				GCC_WARN_UNUSED_FUNCTION = YES;
				GCC_WARN_UNUSED_VARIABLE = YES;
				IPHONEOS_DEPLOYMENT_TARGET = 12.1;
				MTL_ENABLE_DEBUG_INFO = NO;
				MTL_FAST_MATH = YES;
				SDKROOT = iphoneos;
				SWIFT_COMPILATION_MODE = wholemodule;
				SWIFT_OPTIMIZATION_LEVEL = "-O";
				VALIDATE_PRODUCT = YES;
			};
			name = Release;
		};
		F0DCCAC121C8FA6900905BF7 /* Debug */ = {
			isa = XCBuildConfiguration;
			baseConfigurationReference = 8548FEA1D8341C2EB0A8E11A /* Pods-IOTFIT.debug.xcconfig */;
			buildSettings = {
				ASSETCATALOG_COMPILER_APPICON_NAME = AppIcon;
				CODE_SIGN_STYLE = Automatic;
				DEVELOPMENT_TEAM = 4VV3H7446H;
				INFOPLIST_FILE = "$(SRCROOT)/IOTFIT/Resources/Info.plist";
				LD_RUNPATH_SEARCH_PATHS = (
					"$(inherited)",
					"@executable_path/Frameworks",
				);
				PRODUCT_BUNDLE_IDENTIFIER = pl.booyac.IOTFIT;
				PRODUCT_NAME = "$(TARGET_NAME)";
				SWIFT_VERSION = 4.2;
				TARGETED_DEVICE_FAMILY = "1,2";
			};
			name = Debug;
		};
		F0DCCAC221C8FA6900905BF7 /* Release */ = {
			isa = XCBuildConfiguration;
			baseConfigurationReference = ACA96C060135AB8C00500EA0 /* Pods-IOTFIT.release.xcconfig */;
			buildSettings = {
				ASSETCATALOG_COMPILER_APPICON_NAME = AppIcon;
				CODE_SIGN_STYLE = Automatic;
				DEVELOPMENT_TEAM = 4VV3H7446H;
				INFOPLIST_FILE = "$(SRCROOT)/IOTFIT/Resources/Info.plist";
				LD_RUNPATH_SEARCH_PATHS = (
					"$(inherited)",
					"@executable_path/Frameworks",
				);
				PRODUCT_BUNDLE_IDENTIFIER = pl.booyac.IOTFIT;
				PRODUCT_NAME = "$(TARGET_NAME)";
				SWIFT_VERSION = 4.2;
				TARGETED_DEVICE_FAMILY = "1,2";
			};
			name = Release;
		};
/* End XCBuildConfiguration section */

/* Begin XCConfigurationList section */
		F0DCCAA921C8FA6800905BF7 /* Build configuration list for PBXProject "IOTFIT" */ = {
			isa = XCConfigurationList;
			buildConfigurations = (
				F0DCCABE21C8FA6900905BF7 /* Debug */,
				F0DCCABF21C8FA6900905BF7 /* Release */,
			);
			defaultConfigurationIsVisible = 0;
			defaultConfigurationName = Release;
		};
		F0DCCAC021C8FA6900905BF7 /* Build configuration list for PBXNativeTarget "IOTFIT" */ = {
			isa = XCConfigurationList;
			buildConfigurations = (
				F0DCCAC121C8FA6900905BF7 /* Debug */,
				F0DCCAC221C8FA6900905BF7 /* Release */,
			);
			defaultConfigurationIsVisible = 0;
			defaultConfigurationName = Release;
		};
/* End XCConfigurationList section */
	};
	rootObject = F0DCCAA621C8FA6800905BF7 /* Project object */;
}
